
Microsoft Visual Studio Solution File, Format Version 12.00
# Visual Studio Version 16
VisualStudioVersion = 16.0.30011.22
MinimumVisualStudioVersion = 10.0.40219.1
Project("{FAE04EC0-301F-11D3-BF4B-00C04F79EFBC}") = "ImgSteg", "ImgSteg.csproj", "{857B48B4-5D24-4232-95C2-33F968C79E4D}"
EndProject
Global
	GlobalSection(SolutionConfigurationPlatforms) = preSolution
		Debug|Any CPU = Debug|Any CPU
		Release|Any CPU = Release|Any CPU
	EndGlobalSection
	GlobalSection(ProjectConfigurationPlatforms) = postSolution
		{857B48B4-5D24-4232-95C2-33F968C79E4D}.Debug|Any CPU.ActiveCfg = Debug|Any CPU
		{857B48B4-5D24-4232-95C2-33F968C79E4D}.Debug|Any CPU.Build.0 = Debug|Any CPU
		{857B48B4-5D24-4232-95C2-33F968C79E4D}.Release|Any CPU.ActiveCfg = Release|Any CPU
		{857B48B4-5D24-4232-95C2-33F968C79E4D}.Release|Any CPU.Build.0 = Release|Any CPU
	EndGlobalSection
	GlobalSection(SolutionProperties) = preSolution
		HideSolutionNode = FALSE
	EndGlobalSection
	GlobalSection(ExtensibilityGlobals) = postSolution
		SolutionGuid = {2BF79EC3-8179-4CF4-85F1-03CDED4EF0C5}
	EndGlobalSection
EndGlobal
